// !$*UTF8*$!
{
	archiveVersion = 1;
	classes = {
	};
	objectVersion = 46;
	objects = {

/* Begin PBXBuildFile section */
		BDB3B91E1A8F9C84009B077F /* GestureUIImageView.swift in Sources */ = {isa = PBXBuildFile; fileRef = BDB3B91D1A8F9C84009B077F /* GestureUIImageView.swift */; };
		BDB3B9201A8FA09B009B077F /* ImageViewController.swift in Sources */ = {isa = PBXBuildFile; fileRef = BDB3B91F1A8FA09B009B077F /* ImageViewController.swift */; };
		BDB3B9221A8FA63C009B077F /* macau.png in Resources */ = {isa = PBXBuildFile; fileRef = BDB3B9211A8FA63C009B077F /* macau.png */; };
		EF8847E01A8D9F1D001622C4 /* AppDelegate.swift in Sources */ = {isa = PBXBuildFile; fileRef = EF8847DF1A8D9F1D001622C4 /* AppDelegate.swift */; };
		EF8847E21A8D9F1D001622C4 /* ViewController.swift in Sources */ = {isa = PBXBuildFile; fileRef = EF8847E11A8D9F1D001622C4 /* ViewController.swift */; };
		EF8847E51A8D9F1D001622C4 /* Main.storyboard in Resources */ = {isa = PBXBuildFile; fileRef = EF8847E31A8D9F1D001622C4 /* Main.storyboard */; };
		EF8847E71A8D9F1D001622C4 /* Images.xcassets in Resources */ = {isa = PBXBuildFile; fileRef = EF8847E61A8D9F1D001622C4 /* Images.xcassets */; };
		EF8847EA1A8D9F1D001622C4 /* LaunchScreen.xib in Resources */ = {isa = PBXBuildFile; fileRef = EF8847E81A8D9F1D001622C4 /* LaunchScreen.xib */; };
		EF8847F61A8D9F1D001622C4 /* SamplePinchGestureTests.swift in Sources */ = {isa = PBXBuildFile; fileRef = EF8847F51A8D9F1D001622C4 /* SamplePinchGestureTests.swift */; };
/* End PBXBuildFile section */

/* Begin PBXContainerItemProxy section */
		EF8847F01A8D9F1D001622C4 /* PBXContainerItemProxy */ = {
			isa = PBXContainerItemProxy;
			containerPortal = EF8847D21A8D9F1D001622C4 /* Project object */;
			proxyType = 1;
			remoteGlobalIDString = EF8847D91A8D9F1D001622C4;
			remoteInfo = SamplePinchGesture;
		};
/* End PBXContainerItemProxy section */

/* Begin PBXFileReference section */
		BDB3B91D1A8F9C84009B077F /* GestureUIImageView.swift */ = {isa = PBXFileReference; fileEncoding = 4; lastKnownFileType = sourcecode.swift; path = GestureUIImageView.swift; sourceTree = "<group>"; };
		BDB3B91F1A8FA09B009B077F /* ImageViewController.swift */ = {isa = PBXFileReference; fileEncoding = 4; lastKnownFileType = sourcecode.swift; path = ImageViewController.swift; sourceTree = "<group>"; };
		BDB3B9211A8FA63C009B077F /* macau.png */ = {isa = PBXFileReference; lastKnownFileType = image.png; path = macau.png; sourceTree = "<group>"; };
		EF8847DA1A8D9F1D001622C4 /* SamplePinchGesture.app */ = {isa = PBXFileReference; explicitFileType = wrapper.application; includeInIndex = 0; path = SamplePinchGesture.app; sourceTree = BUILT_PRODUCTS_DIR; };
		EF8847DE1A8D9F1D001622C4 /* Info.plist */ = {isa = PBXFileReference; lastKnownFileType = text.plist.xml; path = Info.plist; sourceTree = "<group>"; };
		EF8847DF1A8D9F1D001622C4 /* AppDelegate.swift */ = {isa = PBXFileReference; lastKnownFileType = sourcecode.swift; path = AppDelegate.swift; sourceTree = "<group>"; };
		EF8847E11A8D9F1D001622C4 /* ViewController.swift */ = {isa = PBXFileReference; lastKnownFileType = sourcecode.swift; path = ViewController.swift; sourceTree = "<group>"; };
		EF8847E41A8D9F1D001622C4 /* Base */ = {isa = PBXFileReference; lastKnownFileType = file.storyboard; name = Base; path = Base.lproj/Main.storyboard; sourceTree = "<group>"; };
		EF8847E61A8D9F1D001622C4 /* Images.xcassets */ = {isa = PBXFileReference; lastKnownFileType = folder.assetcatalog; path = Images.xcassets; sourceTree = "<group>"; };
		EF8847E91A8D9F1D001622C4 /* Base */ = {isa = PBXFileReference; lastKnownFileType = file.xib; name = Base; path = Base.lproj/LaunchScreen.xib; sourceTree = "<group>"; };
		EF8847EF1A8D9F1D001622C4 /* SamplePinchGestureTests.xctest */ = {isa = PBXFileReference; explicitFileType = wrapper.cfbundle; includeInIndex = 0; path = SamplePinchGestureTests.xctest; sourceTree = BUILT_PRODUCTS_DIR; };
		EF8847F41A8D9F1D001622C4 /* Info.plist */ = {isa = PBXFileReference; lastKnownFileType = text.plist.xml; path = Info.plist; sourceTree = "<group>"; };
		EF8847F51A8D9F1D001622C4 /* SamplePinchGestureTests.swift */ = {isa = PBXFileReference; lastKnownFileType = sourcecode.swift; path = SamplePinchGestureTests.swift; sourceTree = "<group>"; };
/* End PBXFileReference section */

/* Begin PBXFrameworksBuildPhase section */
		EF8847D71A8D9F1D001622C4 /* Frameworks */ = {
			isa = PBXFrameworksBuildPhase;
			buildActionMask = 2147483647;
			files = (
			);
			runOnlyForDeploymentPostprocessing = 0;
		};
		EF8847EC1A8D9F1D001622C4 /* Frameworks */ = {
			isa = PBXFrameworksBuildPhase;
			buildActionMask = 2147483647;
			files = (
			);
			runOnlyForDeploymentPostprocessing = 0;
		};
/* End PBXFrameworksBuildPhase section */

/* Begin PBXGroup section */
		EF8847D11A8D9F1D001622C4 = {
			isa = PBXGroup;
			children = (
				EF8847DC1A8D9F1D001622C4 /* SamplePinchGesture */,
				EF8847F21A8D9F1D001622C4 /* SamplePinchGestureTests */,
				EF8847DB1A8D9F1D001622C4 /* Products */,
			);
			sourceTree = "<group>";
		};
		EF8847DB1A8D9F1D001622C4 /* Products */ = {
			isa = PBXGroup;
			children = (
				EF8847DA1A8D9F1D001622C4 /* SamplePinchGesture.app */,
				EF8847EF1A8D9F1D001622C4 /* SamplePinchGestureTests.xctest */,
			);
			name = Products;
			sourceTree = "<group>";
		};
		EF8847DC1A8D9F1D001622C4 /* SamplePinchGesture */ = {
			isa = PBXGroup;
			children = (
				BDB3B9211A8FA63C009B077F /* macau.png */,
				EF8847DF1A8D9F1D001622C4 /* AppDelegate.swift */,
				EF8847E11A8D9F1D001622C4 /* ViewController.swift */,
				EF8847E31A8D9F1D001622C4 /* Main.storyboard */,
				EF8847E61A8D9F1D001622C4 /* Images.xcassets */,
				EF8847E81A8D9F1D001622C4 /* LaunchScreen.xib */,
				EF8847DD1A8D9F1D001622C4 /* Supporting Files */,
				BDB3B91D1A8F9C84009B077F /* GestureUIImageView.swift */,
				BDB3B91F1A8FA09B009B077F /* ImageViewController.swift */,
			);
			path = SamplePinchGesture;
			sourceTree = "<group>";
		};
		EF8847DD1A8D9F1D001622C4 /* Supporting Files */ = {
			isa = PBXGroup;
			children = (
				EF8847DE1A8D9F1D001622C4 /* Info.plist */,
			);
			name = "Supporting Files";
			sourceTree = "<group>";
		};
		EF8847F21A8D9F1D001622C4 /* SamplePinchGestureTests */ = {
			isa = PBXGroup;
			children = (
				EF8847F51A8D9F1D001622C4 /* SamplePinchGestureTests.swift */,
				EF8847F31A8D9F1D001622C4 /* Supporting Files */,
			);
			path = SamplePinchGestureTests;
			sourceTree = "<group>";
		};
		EF8847F31A8D9F1D001622C4 /* Supporting Files */ = {
			isa = PBXGroup;
			children = (
				EF8847F41A8D9F1D001622C4 /* Info.plist */,
			);
			name = "Supporting Files";
			sourceTree = "<group>";
		};
/* End PBXGroup section */

/* Begin PBXNativeTarget section */
		EF8847D91A8D9F1D001622C4 /* SamplePinchGesture */ = {
			isa = PBXNativeTarget;
			buildConfigurationList = EF8847F91A8D9F1D001622C4 /* Build configuration list for PBXNativeTarget "SamplePinchGesture" */;
			buildPhases = (
				EF8847D61A8D9F1D001622C4 /* Sources */,
				EF8847D71A8D9F1D001622C4 /* Frameworks */,
				EF8847D81A8D9F1D001622C4 /* Resources */,
			);
			buildRules = (
			);
			dependencies = (
			);
			name = SamplePinchGesture;
			productName = SamplePinchGesture;
			productReference = EF8847DA1A8D9F1D001622C4 /* SamplePinchGesture.app */;
			productType = "com.apple.product-type.application";
		};
		EF8847EE1A8D9F1D001622C4 /* SamplePinchGestureTests */ = {
			isa = PBXNativeTarget;
			buildConfigurationList = EF8847FC1A8D9F1D001622C4 /* Build configuration list for PBXNativeTarget "SamplePinchGestureTests" */;
			buildPhases = (
				EF8847EB1A8D9F1D001622C4 /* Sources */,
				EF8847EC1A8D9F1D001622C4 /* Frameworks */,
				EF8847ED1A8D9F1D001622C4 /* Resources */,
			);
			buildRules = (
			);
			dependencies = (
				EF8847F11A8D9F1D001622C4 /* PBXTargetDependency */,
			);
			name = SamplePinchGestureTests;
			productName = SamplePinchGestureTests;
			productReference = EF8847EF1A8D9F1D001622C4 /* SamplePinchGestureTests.xctest */;
			productType = "com.apple.product-type.bundle.unit-test";
		};
/* End PBXNativeTarget section */

/* Begin PBXProject section */
		EF8847D21A8D9F1D001622C4 /* Project object */ = {
			isa = PBXProject;
			attributes = {
				LastUpgradeCheck = 0610;
				ORGANIZATIONNAME = sample;
				TargetAttributes = {
					EF8847D91A8D9F1D001622C4 = {
						CreatedOnToolsVersion = 6.1.1;
					};
					EF8847EE1A8D9F1D001622C4 = {
						CreatedOnToolsVersion = 6.1.1;
						TestTargetID = EF8847D91A8D9F1D001622C4;
					};
				};
			};
			buildConfigurationList = EF8847D51A8D9F1D001622C4 /* Build configuration list for PBXProject "SamplePinchGesture" */;
			compatibilityVersion = "Xcode 3.2";
			developmentRegion = English;
			hasScannedForEncodings = 0;
			knownRegions = (
				en,
				Base,
			);
			mainGroup = EF8847D11A8D9F1D001622C4;
			productRefGroup = EF8847DB1A8D9F1D001622C4 /* Products */;
			projectDirPath = "";
			projectRoot = "";
			targets = (
				EF8847D91A8D9F1D001622C4 /* SamplePinchGesture */,
				EF8847EE1A8D9F1D001622C4 /* SamplePinchGestureTests */,
			);
		};
/* End PBXProject section */

/* Begin PBXResourcesBuildPhase section */
		EF8847D81A8D9F1D001622C4 /* Resources */ = {
			isa = PBXResourcesBuildPhase;
			buildActionMask = 2147483647;
			files = (
				BDB3B9221A8FA63C009B077F /* macau.png in Resources */,
				EF8847E51A8D9F1D001622C4 /* Main.storyboard in Resources */,
				EF8847EA1A8D9F1D001622C4 /* LaunchScreen.xib in Resources */,
				EF8847E71A8D9F1D001622C4 /* Images.xcassets in Resources */,
			);
			runOnlyForDeploymentPostprocessing = 0;
		};
		EF8847ED1A8D9F1D001622C4 /* Resources */ = {
			isa = PBXResourcesBuildPhase;
			buildActionMask = 2147483647;
			files = (
			);
			runOnlyForDeploymentPostprocessing = 0;
		};
/* End PBXResourcesBuildPhase section */

/* Begin PBXSourcesBuildPhase section */
		EF8847D61A8D9F1D001622C4 /* Sources */ = {
			isa = PBXSourcesBuildPhase;
			buildActionMask = 2147483647;
			files = (
				EF8847E21A8D9F1D001622C4 /* ViewController.swift in Sources */,
				BDB3B9201A8FA09B009B077F /* ImageViewController.swift in Sources */,
				BDB3B91E1A8F9C84009B077F /* GestureUIImageView.swift in Sources */,
				EF8847E01A8D9F1D001622C4 /* AppDelegate.swift in Sources */,
			);
			runOnlyForDeploymentPostprocessing = 0;
		};
		EF8847EB1A8D9F1D001622C4 /* Sources */ = {
			isa = PBXSourcesBuildPhase;
			buildActionMask = 2147483647;
			files = (
				EF8847F61A8D9F1D001622C4 /* SamplePinchGestureTests.swift in Sources */,
			);
			runOnlyForDeploymentPostprocessing = 0;
		};
/* End PBXSourcesBuildPhase section */

/* Begin PBXTargetDependency section */
		EF8847F11A8D9F1D001622C4 /* PBXTargetDependency */ = {
			isa = PBXTargetDependency;
			target = EF8847D91A8D9F1D001622C4 /* SamplePinchGesture */;
			targetProxy = EF8847F01A8D9F1D001622C4 /* PBXContainerItemProxy */;
		};
/* End PBXTargetDependency section */

/* Begin PBXVariantGroup section */
		EF8847E31A8D9F1D001622C4 /* Main.storyboard */ = {
			isa = PBXVariantGroup;
			children = (
				EF8847E41A8D9F1D001622C4 /* Base */,
			);
			name = Main.storyboard;
			sourceTree = "<group>";
		};
		EF8847E81A8D9F1D001622C4 /* LaunchScreen.xib */ = {
			isa = PBXVariantGroup;
			children = (
				EF8847E91A8D9F1D001622C4 /* Base */,
			);
			name = LaunchScreen.xib;
			sourceTree = "<group>";
		};
/* End PBXVariantGroup section */

/* Begin XCBuildConfiguration section */
		EF8847F71A8D9F1D001622C4 /* Debug */ = {
			isa = XCBuildConfiguration;
			buildSettings = {
				ALWAYS_SEARCH_USER_PATHS = NO;
				CLANG_CXX_LANGUAGE_STANDARD = "gnu++0x";
				CLANG_CXX_LIBRARY = "libc++";
				CLANG_ENABLE_MODULES = YES;
				CLANG_ENABLE_OBJC_ARC = YES;
				CLANG_WARN_BOOL_CONVERSION = YES;
				CLANG_WARN_CONSTANT_CONVERSION = YES;
				CLANG_WARN_DIRECT_OBJC_ISA_USAGE = YES_ERROR;
				CLANG_WARN_EMPTY_BODY = YES;
				CLANG_WARN_ENUM_CONVERSION = YES;
				CLANG_WARN_INT_CONVERSION = YES;
				CLANG_WARN_OBJC_ROOT_CLASS = YES_ERROR;
				CLANG_WARN_UNREACHABLE_CODE = YES;
				CLANG_WARN__DUPLICATE_METHOD_MATCH = YES;
				"CODE_SIGN_IDENTITY[sdk=iphoneos*]" = "iPhone Developer";
				COPY_PHASE_STRIP = NO;
				ENABLE_STRICT_OBJC_MSGSEND = YES;
				GCC_C_LANGUAGE_STANDARD = gnu99;
				GCC_DYNAMIC_NO_PIC = NO;
				GCC_OPTIMIZATION_LEVEL = 0;
				GCC_PREPROCESSOR_DEFINITIONS = (
					"DEBUG=1",
					"$(inherited)",
				);
				GCC_SYMBOLS_PRIVATE_EXTERN = NO;
				GCC_WARN_64_TO_32_BIT_CONVERSION = YES;
				GCC_WARN_ABOUT_RETURN_TYPE = YES_ERROR;
				GCC_WARN_UNDECLARED_SELECTOR = YES;
				GCC_WARN_UNINITIALIZED_AUTOS = YES_AGGRESSIVE;
				GCC_WARN_UNUSED_FUNCTION = YES;
				GCC_WARN_UNUSED_VARIABLE = YES;
				IPHONEOS_DEPLOYMENT_TARGET = 8.1;
				MTL_ENABLE_DEBUG_INFO = YES;
				ONLY_ACTIVE_ARCH = YES;
				SDKROOT = iphoneos;
				SWIFT_OPTIMIZATION_LEVEL = "-Onone";
			};
			name = Debug;
		};
		EF8847F81A8D9F1D001622C4 /* Release */ = {
			isa = XCBuildConfiguration;
			buildSettings = {
				ALWAYS_SEARCH_USER_PATHS = NO;
				CLANG_CXX_LANGUAGE_STANDARD = "gnu++0x";
				CLANG_CXX_LIBRARY = "libc++";
				CLANG_ENABLE_MODULES = YES;
				CLANG_ENABLE_OBJC_ARC = YES;
				CLANG_WARN_BOOL_CONVERSION = YES;
				CLANG_WARN_CONSTANT_CONVERSION = YES;
				CLANG_WARN_DIRECT_OBJC_ISA_USAGE = YES_ERROR;
				CLANG_WARN_EMPTY_BODY = YES;
				CLANG_WARN_ENUM_CONVERSION = YES;
				CLANG_WARN_INT_CONVERSION = YES;
				CLANG_WARN_OBJC_ROOT_CLASS = YES_ERROR;
				CLANG_WARN_UNREACHABLE_CODE = YES;
				CLANG_WARN__DUPLICATE_METHOD_MATCH = YES;
				"CODE_SIGN_IDENTITY[sdk=iphoneos*]" = "iPhone Developer";
				COPY_PHASE_STRIP = YES;
				ENABLE_NS_ASSERTIONS = NO;
				ENABLE_STRICT_OBJC_MSGSEND = YES;
				GCC_C_LANGUAGE_STANDARD = gnu99;
				GCC_WARN_64_TO_32_BIT_CONVERSION = YES;
				GCC_WARN_ABOUT_RETURN_TYPE = YES_ERROR;
				GCC_WARN_UNDECLARED_SELECTOR = YES;
				GCC_WARN_UNINITIALIZED_AUTOS = YES_AGGRESSIVE;
				GCC_WARN_UNUSED_FUNCTION = YES;
				GCC_WARN_UNUSED_VARIABLE = YES;
				IPHONEOS_DEPLOYMENT_TARGET = 8.1;
				MTL_ENABLE_DEBUG_INFO = NO;
				SDKROOT = iphoneos;
				VALIDATE_PRODUCT = YES;
			};
			name = Release;
		};
		EF8847FA1A8D9F1D001622C4 /* Debug */ = {
			isa = XCBuildConfiguration;
			buildSettings = {
				ASSETCATALOG_COMPILER_APPICON_NAME = AppIcon;
				INFOPLIST_FILE = SamplePinchGesture/Info.plist;
				LD_RUNPATH_SEARCH_PATHS = "$(inherited) @executable_path/Frameworks";
				PRODUCT_NAME = "$(TARGET_NAME)";
			};
			name = Debug;
		};
		EF8847FB1A8D9F1D001622C4 /* Release */ = {
			isa = XCBuildConfiguration;
			buildSettings = {
				ASSETCATALOG_COMPILER_APPICON_NAME = AppIcon;
				INFOPLIST_FILE = SamplePinchGesture/Info.plist;
				LD_RUNPATH_SEARCH_PATHS = "$(inherited) @executable_path/Frameworks";
				PRODUCT_NAME = "$(TARGET_NAME)";
			};
			name = Release;
		};
		EF8847FD1A8D9F1D001622C4 /* Debug */ = {
			isa = XCBuildConfiguration;
			buildSettings = {
				BUNDLE_LOADER = "$(TEST_HOST)";
				FRAMEWORK_SEARCH_PATHS = (
					"$(SDKROOT)/Developer/Library/Frameworks",
					"$(inherited)",
				);
				GCC_PREPROCESSOR_DEFINITIONS = (
					"DEBUG=1",
					"$(inherited)",
				);
				INFOPLIST_FILE = SamplePinchGestureTests/Info.plist;
				LD_RUNPATH_SEARCH_PATHS = "$(inherited) @executable_path/Frameworks @loader_path/Frameworks";
				PRODUCT_NAME = "$(TARGET_NAME)";
				TEST_HOST = "$(BUILT_PRODUCTS_DIR)/SamplePinchGesture.app/SamplePinchGesture";
			};
			name = Debug;
		};
		EF8847FE1A8D9F1D001622C4 /* Release */ = {
			isa = XCBuildConfiguration;
			buildSettings = {
				BUNDLE_LOADER = "$(TEST_HOST)";
				FRAMEWORK_SEARCH_PATHS = (
					"$(SDKROOT)/Developer/Library/Frameworks",
					"$(inherited)",
				);
				INFOPLIST_FILE = SamplePinchGestureTests/Info.plist;
				LD_RUNPATH_SEARCH_PATHS = "$(inherited) @executable_path/Frameworks @loader_path/Frameworks";
				PRODUCT_NAME = "$(TARGET_NAME)";
				TEST_HOST = "$(BUILT_PRODUCTS_DIR)/SamplePinchGesture.app/SamplePinchGesture";
			};
			name = Release;
		};
/* End XCBuildConfiguration section */

/* Begin XCConfigurationList section */
		EF8847D51A8D9F1D001622C4 /* Build configuration list for PBXProject "SamplePinchGesture" */ = {
			isa = XCConfigurationList;
			buildConfigurations = (
				EF8847F71A8D9F1D001622C4 /* Debug */,
				EF8847F81A8D9F1D001622C4 /* Release */,
			);
			defaultConfigurationIsVisible = 0;
			defaultConfigurationName = Release;
		};
		EF8847F91A8D9F1D001622C4 /* Build configuration list for PBXNativeTarget "SamplePinchGesture" */ = {
			isa = XCConfigurationList;
			buildConfigurations = (
				EF8847FA1A8D9F1D001622C4 /* Debug */,
				EF8847FB1A8D9F1D001622C4 /* Release */,
			);
			defaultConfigurationIsVisible = 0;
			defaultConfigurationName = Release;
		};
		EF8847FC1A8D9F1D001622C4 /* Build configuration list for PBXNativeTarget "SamplePinchGestureTests" */ = {
			isa = XCConfigurationList;
			buildConfigurations = (
				EF8847FD1A8D9F1D001622C4 /* Debug */,
				EF8847FE1A8D9F1D001622C4 /* Release */,
			);
			defaultConfigurationIsVisible = 0;
			defaultConfigurationName = Release;
		};
/* End XCConfigurationList section */
	};
	rootObject = EF8847D21A8D9F1D001622C4 /* Project object */;
}
